{
  "name": "ai-organization-framework",
  "version": "4.0.1",
  "lockfileVersion": 3,
  "requires": true,
  "packages": {
    "": {
      "name": "ai-organization-framework",
      "version": "4.0.1",
      "dependencies": {
        "yaml": "^2.8.1"
      },
      "bin": {
        "aof": "src/cli.js"
      },
      "engines": {
        "node": ">=22 <25"
      }
    },
    "node_modules/yaml": {
      "version": "2.9.0",
      "license": "ISC",
      "bin": {
        "yaml": "bin.mjs"
      },
      "engines": {
        "node": ">= 14.6"
      },
      "funding": {
        "url": "https://github.com/sponsors/eemeli"
      }
    }
  }
}
